
Microsoft Visual Studio Solution File, Format Version 12.00
# Visual Studio Version 17
VisualStudioVersion = 17.3.32825.248
MinimumVisualStudioVersion = 10.0.40219.1
Project("{FAE04EC0-301F-11D3-BF4B-00C04F79EFBC}") = "ArrayAssignment", "ArrayAssignment\ArrayAssignment.csproj", "{5976CE48-F68E-471A-A9FA-49074A701FA3}"
EndProject
Global
	GlobalSection(SolutionConfigurationPlatforms) = preSolution
		Debug|Any CPU = Debug|Any CPU
		Release|Any CPU = Release|Any CPU
	EndGlobalSection
	GlobalSection(ProjectConfigurationPlatforms) = postSolution
		{5976CE48-F68E-471A-A9FA-49074A701FA3}.Debug|Any CPU.ActiveCfg = Debug|Any CPU
		{5976CE48-F68E-471A-A9FA-49074A701FA3}.Debug|Any CPU.Build.0 = Debug|Any CPU
		{5976CE48-F68E-471A-A9FA-49074A701FA3}.Release|Any CPU.ActiveCfg = Release|Any CPU
		{5976CE48-F68E-471A-A9FA-49074A701FA3}.Release|Any CPU.Build.0 = Release|Any CPU
	EndGlobalSection
	GlobalSection(SolutionProperties) = preSolution
		HideSolutionNode = FALSE
	EndGlobalSection
	GlobalSection(ExtensibilityGlobals) = postSolution
		SolutionGuid = {302E1305-B7B2-4F80-84FD-3F7E0CF4B118}
	EndGlobalSection
EndGlobal
